{
  "name": "test",
  "version": "1.0.0",
  "lockfileVersion": 2,
  "requires": true,
  "packages": {
    "": {
      "version": "1.0.0",
      "license": "ISC",
      "dependencies": {
        "@presspage/fitnessjs": "file:.."
      }
    },
    "..": {
      "name": "@presspage/fitnessjs",
      "version": "1.2.0",
      "license": "CC-BY-4.0",
      "engines": {
        "node": ">=6.0.0"
      }
    },
    "node_modules/@presspage/fitnessjs": {
      "resolved": "..",
      "link": true
    }
  },
  "dependencies": {
    "@presspage/fitnessjs": {
      "version": "file:.."
    }
  }
}
