{
  "name": "test",
  "version": "1.0.0",
  "lockfileVersion": 2,
  "requires": true,
  "packages": {
    "": {
      "version": "1.0.0",
      "license": "ISC",
      "dependencies": {
        "@presspage/fitnessjs": "file:..",
        "calories-burnt": "^1.0.2"
      }
    },
    "..": {
      "name": "@presspage/fitnessjs",
      "version": "1.1.0",
      "license": "CC-BY-4.0",
      "engines": {
        "node": ">=6.0.0"
      }
    },
    "node_modules/@presspage/fitnessjs": {
      "resolved": "..",
      "link": true
    },
    "node_modules/calories-burnt": {
      "version": "1.0.2",
      "resolved": "https://registry.npmjs.org/calories-burnt/-/calories-burnt-1.0.2.tgz",
      "integrity": "sha512-4uFUsSDNkkP7LSM3gFeyYtG9PMJGzdnN2BHN7L83Qt/8pIlHT11rmKY+Q/eFgchSXqXbo18HBKHnu546GqKq6w=="
    }
  },
  "dependencies": {
    "@presspage/fitnessjs": {
      "version": "file:.."
    },
    "calories-burnt": {
      "version": "1.0.2",
      "resolved": "https://registry.npmjs.org/calories-burnt/-/calories-burnt-1.0.2.tgz",
      "integrity": "sha512-4uFUsSDNkkP7LSM3gFeyYtG9PMJGzdnN2BHN7L83Qt/8pIlHT11rmKY+Q/eFgchSXqXbo18HBKHnu546GqKq6w=="
    }
  }
}
